<Solution>
  <Folder Name="/XmlSourceGenerator/">
    <Project Path="ext/XmlSourceGenerator/src/XmlSourceGenerator.Abstractions/XmlSourceGenerator.Abstractions.csproj" />
    <Project Path="ext/XmlSourceGenerator/src/XmlSourceGenerator/XmlSourceGenerator.csproj" />
  </Folder>
  <Project Path="src/HXE.csproj" />
  <Project Path="tests/HXE.Tests/HXE.Tests.csproj">
    <BuildDependency Project="src/HXE.csproj" />
  </Project>
 </Solution>
